
Microsoft Visual Studio Solution File, Format Version 12.00
# Visual Studio Version 17
VisualStudioVersion = 17.2.32516.85
MinimumVisualStudioVersion = 10.0.40219.1
Project("{FAE04EC0-301F-11D3-BF4B-00C04F79EFBC}") = "lesson03_Example", "lesson03\lesson03_Example.csproj", "{987CDF48-B2FD-4D9B-9150-A8D2FEC08CA6}"
EndProject
Project("{FAE04EC0-301F-11D3-BF4B-00C04F79EFBC}") = "Lesson3_Exercise1", "Lesson3_Exercise1\Lesson3_Exercise1.csproj", "{2570FC71-F476-4A7D-9188-21B0472BB01B}"
EndProject
Project("{FAE04EC0-301F-11D3-BF4B-00C04F79EFBC}") = "Lesson3_Exercise3", "Lesson3_Exercise3\Lesson3_Exercise3.csproj", "{6C9101FB-52CD-40BF-9CD6-5ACE485916FA}"
EndProject
Global
	GlobalSection(SolutionConfigurationPlatforms) = preSolution
		Debug|Any CPU = Debug|Any CPU
		Release|Any CPU = Release|Any CPU
	EndGlobalSection
	GlobalSection(ProjectConfigurationPlatforms) = postSolution
		{987CDF48-B2FD-4D9B-9150-A8D2FEC08CA6}.Debug|Any CPU.ActiveCfg = Debug|Any CPU
		{987CDF48-B2FD-4D9B-9150-A8D2FEC08CA6}.Debug|Any CPU.Build.0 = Debug|Any CPU
		{987CDF48-B2FD-4D9B-9150-A8D2FEC08CA6}.Release|Any CPU.ActiveCfg = Release|Any CPU
		{987CDF48-B2FD-4D9B-9150-A8D2FEC08CA6}.Release|Any CPU.Build.0 = Release|Any CPU
		{2570FC71-F476-4A7D-9188-21B0472BB01B}.Debug|Any CPU.ActiveCfg = Debug|Any CPU
		{2570FC71-F476-4A7D-9188-21B0472BB01B}.Debug|Any CPU.Build.0 = Debug|Any CPU
		{2570FC71-F476-4A7D-9188-21B0472BB01B}.Release|Any CPU.ActiveCfg = Release|Any CPU
		{2570FC71-F476-4A7D-9188-21B0472BB01B}.Release|Any CPU.Build.0 = Release|Any CPU
		{6C9101FB-52CD-40BF-9CD6-5ACE485916FA}.Debug|Any CPU.ActiveCfg = Debug|Any CPU
		{6C9101FB-52CD-40BF-9CD6-5ACE485916FA}.Debug|Any CPU.Build.0 = Debug|Any CPU
		{6C9101FB-52CD-40BF-9CD6-5ACE485916FA}.Release|Any CPU.ActiveCfg = Release|Any CPU
		{6C9101FB-52CD-40BF-9CD6-5ACE485916FA}.Release|Any CPU.Build.0 = Release|Any CPU
	EndGlobalSection
	GlobalSection(SolutionProperties) = preSolution
		HideSolutionNode = FALSE
	EndGlobalSection
	GlobalSection(ExtensibilityGlobals) = postSolution
		SolutionGuid = {1EBD9C46-8CC5-47A8-A1A9-A223C9E91834}
	EndGlobalSection
EndGlobal
