
Microsoft Visual Studio Solution File, Format Version 12.00
# Visual Studio Version 17
VisualStudioVersion = 17.2.32516.85
MinimumVisualStudioVersion = 10.0.40219.1
Project("{FAE04EC0-301F-11D3-BF4B-00C04F79EFBC}") = "Test1", "Test1\Test1.csproj", "{D555AB20-83B9-4881-9ADF-21EFE85F86BA}"
EndProject
Global
	GlobalSection(SolutionConfigurationPlatforms) = preSolution
		Debug|Any CPU = Debug|Any CPU
		Release|Any CPU = Release|Any CPU
	EndGlobalSection
	GlobalSection(ProjectConfigurationPlatforms) = postSolution
		{D555AB20-83B9-4881-9ADF-21EFE85F86BA}.Debug|Any CPU.ActiveCfg = Debug|Any CPU
		{D555AB20-83B9-4881-9ADF-21EFE85F86BA}.Debug|Any CPU.Build.0 = Debug|Any CPU
		{D555AB20-83B9-4881-9ADF-21EFE85F86BA}.Release|Any CPU.ActiveCfg = Release|Any CPU
		{D555AB20-83B9-4881-9ADF-21EFE85F86BA}.Release|Any CPU.Build.0 = Release|Any CPU
	EndGlobalSection
	GlobalSection(SolutionProperties) = preSolution
		HideSolutionNode = FALSE
	EndGlobalSection
	GlobalSection(ExtensibilityGlobals) = postSolution
		SolutionGuid = {52020EC5-0C47-4FAC-B9FE-E8708A3B1B7C}
	EndGlobalSection
EndGlobal
