
Microsoft Visual Studio Solution File, Format Version 12.00
# Visual Studio Version 17
VisualStudioVersion = 17.2.32516.85
MinimumVisualStudioVersion = 10.0.40219.1
Project("{FAE04EC0-301F-11D3-BF4B-00C04F79EFBC}") = "E2STEM_PT1", "E2STEM_PT1\E2STEM_PT1.csproj", "{A377E9FC-C6A0-460E-9629-84339AD6D73C}"
EndProject
Global
	GlobalSection(SolutionConfigurationPlatforms) = preSolution
		Debug|Any CPU = Debug|Any CPU
		Release|Any CPU = Release|Any CPU
	EndGlobalSection
	GlobalSection(ProjectConfigurationPlatforms) = postSolution
		{A377E9FC-C6A0-460E-9629-84339AD6D73C}.Debug|Any CPU.ActiveCfg = Debug|Any CPU
		{A377E9FC-C6A0-460E-9629-84339AD6D73C}.Debug|Any CPU.Build.0 = Debug|Any CPU
		{A377E9FC-C6A0-460E-9629-84339AD6D73C}.Release|Any CPU.ActiveCfg = Release|Any CPU
		{A377E9FC-C6A0-460E-9629-84339AD6D73C}.Release|Any CPU.Build.0 = Release|Any CPU
	EndGlobalSection
	GlobalSection(SolutionProperties) = preSolution
		HideSolutionNode = FALSE
	EndGlobalSection
	GlobalSection(ExtensibilityGlobals) = postSolution
		SolutionGuid = {0CEEF983-6518-48C1-9A73-4A0A7E370896}
	EndGlobalSection
EndGlobal
