
Microsoft Visual Studio Solution File, Format Version 12.00
# Visual Studio Version 17
VisualStudioVersion = 17.2.32516.85
MinimumVisualStudioVersion = 10.0.40219.1
Project("{FAE04EC0-301F-11D3-BF4B-00C04F79EFBC}") = "My Code", "My Code\My Code.csproj", "{AE8F84A4-7804-4865-B01C-4B993B543C30}"
EndProject
Global
	GlobalSection(SolutionConfigurationPlatforms) = preSolution
		Debug|Any CPU = Debug|Any CPU
		Release|Any CPU = Release|Any CPU
	EndGlobalSection
	GlobalSection(ProjectConfigurationPlatforms) = postSolution
		{AE8F84A4-7804-4865-B01C-4B993B543C30}.Debug|Any CPU.ActiveCfg = Debug|Any CPU
		{AE8F84A4-7804-4865-B01C-4B993B543C30}.Debug|Any CPU.Build.0 = Debug|Any CPU
		{AE8F84A4-7804-4865-B01C-4B993B543C30}.Release|Any CPU.ActiveCfg = Release|Any CPU
		{AE8F84A4-7804-4865-B01C-4B993B543C30}.Release|Any CPU.Build.0 = Release|Any CPU
	EndGlobalSection
	GlobalSection(SolutionProperties) = preSolution
		HideSolutionNode = FALSE
	EndGlobalSection
	GlobalSection(ExtensibilityGlobals) = postSolution
		SolutionGuid = {D3F4769A-2432-469C-8283-B864C92CE066}
	EndGlobalSection
EndGlobal
